
Microsoft Visual Studio Solution File, Format Version 12.00
# Visual Studio Version 17
VisualStudioVersion = 17.0.31903.59
MinimumVisualStudioVersion = 10.0.40219.1
Project("{2150E333-8FDC-42A3-9474-1A3956D46DE8}") = "Source", "Source", "{744A4D3A-70BC-4F25-9D7A-D394C972E096}"
EndProject
Project("{2150E333-8FDC-42A3-9474-1A3956D46DE8}") = "Document", "Document", "{07721F87-824E-426A-9163-869A05911F55}"
	ProjectSection(SolutionItems) = preProject
		Mystery.txt = Mystery.txt
	EndProjectSection
EndProject
Project("{2150E333-8FDC-42A3-9474-1A3956D46DE8}") = "Test", "Test", "{DAE1B594-7956-4A95-A324-4CA2DF75D9CC}"
EndProject
Project("{2150E333-8FDC-42A3-9474-1A3956D46DE8}") = "Core", "Core", "{EE894D9F-19A5-4CB7-BCA0-121CA771FECC}"
EndProject
Project("{2150E333-8FDC-42A3-9474-1A3956D46DE8}") = "Infrastructure", "Infrastructure", "{D6DBF76E-90E7-445F-9D5E-B42799310D24}"
EndProject
Project("{2150E333-8FDC-42A3-9474-1A3956D46DE8}") = "Presentation", "Presentation", "{A0CF3253-6E6A-4040-BF5F-2B48CBF3E08C}"
EndProject
Project("{9A19103F-16F7-4668-BE54-9A1E7A4F7556}") = "fault3r_Domain", "fault3r_Domain\fault3r_Domain.csproj", "{7414D693-9D24-4A24-B570-AF0A20526DFE}"
EndProject
Project("{9A19103F-16F7-4668-BE54-9A1E7A4F7556}") = "fault3r_Application", "fault3r_Application\fault3r_Application.csproj", "{CBAF558A-78E6-4C32-989F-EE16AC21CCE1}"
EndProject
Project("{9A19103F-16F7-4668-BE54-9A1E7A4F7556}") = "fault3r_Persistence", "fault3r_Persistence\fault3r_Persistence.csproj", "{07F4FBDF-784F-4B87-B327-52BA11AE888C}"
EndProject
Project("{9A19103F-16F7-4668-BE54-9A1E7A4F7556}") = "fault3r_Presentation", "fault3r_Presentation\fault3r_Presentation.csproj", "{4A39C3F5-5C37-464B-9BD8-A89C7BD324BF}"
EndProject
Project("{2150E333-8FDC-42A3-9474-1A3956D46DE8}") = "Common", "Common", "{E88F43D9-6A99-48D3-A4AD-B82B35F7C188}"
EndProject
Project("{FAE04EC0-301F-11D3-BF4B-00C04F79EFBC}") = "fault3r_Common", "fault3r_Common\fault3r_Common.csproj", "{36BE628A-0665-47E7-BFE8-0708722474C5}"
EndProject
Global
	GlobalSection(SolutionConfigurationPlatforms) = preSolution
		Debug|Any CPU = Debug|Any CPU
		Release|Any CPU = Release|Any CPU
	EndGlobalSection
	GlobalSection(ProjectConfigurationPlatforms) = postSolution
		{7414D693-9D24-4A24-B570-AF0A20526DFE}.Debug|Any CPU.ActiveCfg = Debug|Any CPU
		{7414D693-9D24-4A24-B570-AF0A20526DFE}.Debug|Any CPU.Build.0 = Debug|Any CPU
		{7414D693-9D24-4A24-B570-AF0A20526DFE}.Release|Any CPU.ActiveCfg = Release|Any CPU
		{7414D693-9D24-4A24-B570-AF0A20526DFE}.Release|Any CPU.Build.0 = Release|Any CPU
		{CBAF558A-78E6-4C32-989F-EE16AC21CCE1}.Debug|Any CPU.ActiveCfg = Debug|Any CPU
		{CBAF558A-78E6-4C32-989F-EE16AC21CCE1}.Debug|Any CPU.Build.0 = Debug|Any CPU
		{CBAF558A-78E6-4C32-989F-EE16AC21CCE1}.Release|Any CPU.ActiveCfg = Release|Any CPU
		{CBAF558A-78E6-4C32-989F-EE16AC21CCE1}.Release|Any CPU.Build.0 = Release|Any CPU
		{07F4FBDF-784F-4B87-B327-52BA11AE888C}.Debug|Any CPU.ActiveCfg = Debug|Any CPU
		{07F4FBDF-784F-4B87-B327-52BA11AE888C}.Debug|Any CPU.Build.0 = Debug|Any CPU
		{07F4FBDF-784F-4B87-B327-52BA11AE888C}.Release|Any CPU.ActiveCfg = Release|Any CPU
		{07F4FBDF-784F-4B87-B327-52BA11AE888C}.Release|Any CPU.Build.0 = Release|Any CPU
		{4A39C3F5-5C37-464B-9BD8-A89C7BD324BF}.Debug|Any CPU.ActiveCfg = Debug|Any CPU
		{4A39C3F5-5C37-464B-9BD8-A89C7BD324BF}.Debug|Any CPU.Build.0 = Debug|Any CPU
		{4A39C3F5-5C37-464B-9BD8-A89C7BD324BF}.Release|Any CPU.ActiveCfg = Release|Any CPU
		{4A39C3F5-5C37-464B-9BD8-A89C7BD324BF}.Release|Any CPU.Build.0 = Release|Any CPU
		{36BE628A-0665-47E7-BFE8-0708722474C5}.Debug|Any CPU.ActiveCfg = Debug|Any CPU
		{36BE628A-0665-47E7-BFE8-0708722474C5}.Debug|Any CPU.Build.0 = Debug|Any CPU
		{36BE628A-0665-47E7-BFE8-0708722474C5}.Release|Any CPU.ActiveCfg = Release|Any CPU
		{36BE628A-0665-47E7-BFE8-0708722474C5}.Release|Any CPU.Build.0 = Release|Any CPU
	EndGlobalSection
	GlobalSection(SolutionProperties) = preSolution
		HideSolutionNode = FALSE
	EndGlobalSection
	GlobalSection(NestedProjects) = preSolution
		{EE894D9F-19A5-4CB7-BCA0-121CA771FECC} = {744A4D3A-70BC-4F25-9D7A-D394C972E096}
		{D6DBF76E-90E7-445F-9D5E-B42799310D24} = {744A4D3A-70BC-4F25-9D7A-D394C972E096}
		{A0CF3253-6E6A-4040-BF5F-2B48CBF3E08C} = {744A4D3A-70BC-4F25-9D7A-D394C972E096}
		{7414D693-9D24-4A24-B570-AF0A20526DFE} = {EE894D9F-19A5-4CB7-BCA0-121CA771FECC}
		{CBAF558A-78E6-4C32-989F-EE16AC21CCE1} = {EE894D9F-19A5-4CB7-BCA0-121CA771FECC}
		{07F4FBDF-784F-4B87-B327-52BA11AE888C} = {D6DBF76E-90E7-445F-9D5E-B42799310D24}
		{4A39C3F5-5C37-464B-9BD8-A89C7BD324BF} = {A0CF3253-6E6A-4040-BF5F-2B48CBF3E08C}
		{E88F43D9-6A99-48D3-A4AD-B82B35F7C188} = {744A4D3A-70BC-4F25-9D7A-D394C972E096}
		{36BE628A-0665-47E7-BFE8-0708722474C5} = {E88F43D9-6A99-48D3-A4AD-B82B35F7C188}
	EndGlobalSection
	GlobalSection(ExtensibilityGlobals) = postSolution
		SolutionGuid = {ABBAF5E6-2EA6-4598-89E3-738FEE841A8D}
	EndGlobalSection
EndGlobal
