
Microsoft Visual Studio Solution File, Format Version 12.00
# Visual Studio Version 17
VisualStudioVersion = 17.0.31903.59
MinimumVisualStudioVersion = 10.0.40219.1
Project("{2150E333-8FDC-42A3-9474-1A3956D46DE8}") = "src", "src", "{172AFA5E-BEDA-47F4-8BFD-BD828130C5F6}"
EndProject
Project("{FAE04EC0-301F-11D3-BF4B-00C04F79EFBC}") = "AccountService.Api", "src\AccountService.Api\AccountService.Api.csproj", "{D25914AF-2892-4236-BDB8-473348FAAAB3}"
EndProject
Project("{FAE04EC0-301F-11D3-BF4B-00C04F79EFBC}") = "AccountService.Application", "src\AccountService.Application\AccountService.Application.csproj", "{17506D5E-94AD-4815-96AA-DFA39E989DD7}"
EndProject
Project("{FAE04EC0-301F-11D3-BF4B-00C04F79EFBC}") = "AccountService.Domain", "src\AccountService.Domain\AccountService.Domain.csproj", "{9E779987-1174-4A05-B4BC-86D82F791574}"
EndProject
Project("{FAE04EC0-301F-11D3-BF4B-00C04F79EFBC}") = "AccountService.Infrastructure", "src\AccountService.Infrastructure\AccountService.Infrastructure.csproj", "{2FFA7DCA-4D49-4D3D-A69E-9834C75006A0}"
EndProject
Global
	GlobalSection(SolutionConfigurationPlatforms) = preSolution
		Debug|Any CPU = Debug|Any CPU
		Release|Any CPU = Release|Any CPU
	EndGlobalSection
	GlobalSection(SolutionProperties) = preSolution
		HideSolutionNode = FALSE
	EndGlobalSection
	GlobalSection(ProjectConfigurationPlatforms) = postSolution
		{D25914AF-2892-4236-BDB8-473348FAAAB3}.Debug|Any CPU.ActiveCfg = Debug|Any CPU
		{D25914AF-2892-4236-BDB8-473348FAAAB3}.Debug|Any CPU.Build.0 = Debug|Any CPU
		{D25914AF-2892-4236-BDB8-473348FAAAB3}.Release|Any CPU.ActiveCfg = Release|Any CPU
		{D25914AF-2892-4236-BDB8-473348FAAAB3}.Release|Any CPU.Build.0 = Release|Any CPU
		{17506D5E-94AD-4815-96AA-DFA39E989DD7}.Debug|Any CPU.ActiveCfg = Debug|Any CPU
		{17506D5E-94AD-4815-96AA-DFA39E989DD7}.Debug|Any CPU.Build.0 = Debug|Any CPU
		{17506D5E-94AD-4815-96AA-DFA39E989DD7}.Release|Any CPU.ActiveCfg = Release|Any CPU
		{17506D5E-94AD-4815-96AA-DFA39E989DD7}.Release|Any CPU.Build.0 = Release|Any CPU
		{9E779987-1174-4A05-B4BC-86D82F791574}.Debug|Any CPU.ActiveCfg = Debug|Any CPU
		{9E779987-1174-4A05-B4BC-86D82F791574}.Debug|Any CPU.Build.0 = Debug|Any CPU
		{9E779987-1174-4A05-B4BC-86D82F791574}.Release|Any CPU.ActiveCfg = Release|Any CPU
		{9E779987-1174-4A05-B4BC-86D82F791574}.Release|Any CPU.Build.0 = Release|Any CPU
		{2FFA7DCA-4D49-4D3D-A69E-9834C75006A0}.Debug|Any CPU.ActiveCfg = Debug|Any CPU
		{2FFA7DCA-4D49-4D3D-A69E-9834C75006A0}.Debug|Any CPU.Build.0 = Debug|Any CPU
		{2FFA7DCA-4D49-4D3D-A69E-9834C75006A0}.Release|Any CPU.ActiveCfg = Release|Any CPU
		{2FFA7DCA-4D49-4D3D-A69E-9834C75006A0}.Release|Any CPU.Build.0 = Release|Any CPU
	EndGlobalSection
	GlobalSection(NestedProjects) = preSolution
		{D25914AF-2892-4236-BDB8-473348FAAAB3} = {172AFA5E-BEDA-47F4-8BFD-BD828130C5F6}
		{17506D5E-94AD-4815-96AA-DFA39E989DD7} = {172AFA5E-BEDA-47F4-8BFD-BD828130C5F6}
		{9E779987-1174-4A05-B4BC-86D82F791574} = {172AFA5E-BEDA-47F4-8BFD-BD828130C5F6}
		{2FFA7DCA-4D49-4D3D-A69E-9834C75006A0} = {172AFA5E-BEDA-47F4-8BFD-BD828130C5F6}
	EndGlobalSection
EndGlobal
