
Microsoft Visual Studio Solution File, Format Version 12.00
# Visual Studio Version 17
VisualStudioVersion = 17.0.31903.59
MinimumVisualStudioVersion = 10.0.40219.1
Project("{2150E333-8FDC-42A3-9474-1A3956D46DE8}") = "src", "src", "{37BC3B87-C968-4295-9266-064D1B620C46}"
EndProject
Project("{FAE04EC0-301F-11D3-BF4B-00C04F79EFBC}") = "AccountService.Domain", "src\AccountService.Domain\AccountService.Domain.csproj", "{D5C6BCF4-670C-4FAE-89E3-01BDECB5C61C}"
EndProject
Project("{FAE04EC0-301F-11D3-BF4B-00C04F79EFBC}") = "AccountService.Application", "src\AccountService.Application\AccountService.Application.csproj", "{C303252A-4B23-4EFA-BD69-474434308961}"
EndProject
Project("{FAE04EC0-301F-11D3-BF4B-00C04F79EFBC}") = "AccountService.Infrastructure", "src\AccountService.Infrastructure\AccountService.Infrastructure.csproj", "{50643EEC-71F7-4D03-9CB1-91834C7590D2}"
EndProject
Project("{FAE04EC0-301F-11D3-BF4B-00C04F79EFBC}") = "AccountService.Api", "src\AccountService.Api\AccountService.Api.csproj", "{58C6A4C1-D9B8-46C1-8842-C463748A0180}"
EndProject
Global
	GlobalSection(SolutionConfigurationPlatforms) = preSolution
		Debug|Any CPU = Debug|Any CPU
		Release|Any CPU = Release|Any CPU
	EndGlobalSection
	GlobalSection(SolutionProperties) = preSolution
		HideSolutionNode = FALSE
	EndGlobalSection
	GlobalSection(ProjectConfigurationPlatforms) = postSolution
		{D5C6BCF4-670C-4FAE-89E3-01BDECB5C61C}.Debug|Any CPU.ActiveCfg = Debug|Any CPU
		{D5C6BCF4-670C-4FAE-89E3-01BDECB5C61C}.Debug|Any CPU.Build.0 = Debug|Any CPU
		{D5C6BCF4-670C-4FAE-89E3-01BDECB5C61C}.Release|Any CPU.ActiveCfg = Release|Any CPU
		{D5C6BCF4-670C-4FAE-89E3-01BDECB5C61C}.Release|Any CPU.Build.0 = Release|Any CPU
		{C303252A-4B23-4EFA-BD69-474434308961}.Debug|Any CPU.ActiveCfg = Debug|Any CPU
		{C303252A-4B23-4EFA-BD69-474434308961}.Debug|Any CPU.Build.0 = Debug|Any CPU
		{C303252A-4B23-4EFA-BD69-474434308961}.Release|Any CPU.ActiveCfg = Release|Any CPU
		{C303252A-4B23-4EFA-BD69-474434308961}.Release|Any CPU.Build.0 = Release|Any CPU
		{50643EEC-71F7-4D03-9CB1-91834C7590D2}.Debug|Any CPU.ActiveCfg = Debug|Any CPU
		{50643EEC-71F7-4D03-9CB1-91834C7590D2}.Debug|Any CPU.Build.0 = Debug|Any CPU
		{50643EEC-71F7-4D03-9CB1-91834C7590D2}.Release|Any CPU.ActiveCfg = Release|Any CPU
		{50643EEC-71F7-4D03-9CB1-91834C7590D2}.Release|Any CPU.Build.0 = Release|Any CPU
		{58C6A4C1-D9B8-46C1-8842-C463748A0180}.Debug|Any CPU.ActiveCfg = Debug|Any CPU
		{58C6A4C1-D9B8-46C1-8842-C463748A0180}.Debug|Any CPU.Build.0 = Debug|Any CPU
		{58C6A4C1-D9B8-46C1-8842-C463748A0180}.Release|Any CPU.ActiveCfg = Release|Any CPU
		{58C6A4C1-D9B8-46C1-8842-C463748A0180}.Release|Any CPU.Build.0 = Release|Any CPU
	EndGlobalSection
	GlobalSection(NestedProjects) = preSolution
		{D5C6BCF4-670C-4FAE-89E3-01BDECB5C61C} = {37BC3B87-C968-4295-9266-064D1B620C46}
		{C303252A-4B23-4EFA-BD69-474434308961} = {37BC3B87-C968-4295-9266-064D1B620C46}
		{50643EEC-71F7-4D03-9CB1-91834C7590D2} = {37BC3B87-C968-4295-9266-064D1B620C46}
		{58C6A4C1-D9B8-46C1-8842-C463748A0180} = {37BC3B87-C968-4295-9266-064D1B620C46}
	EndGlobalSection
EndGlobal
